<?xml version="1.0" encoding="utf-8"?>
<Project ToolsVersion="4.0" xmlns="http://schemas.microsoft.com/developer/msbuild/2003">
  <ItemGroup>
    <ClCompile Include="Application.cpp" />
    <ClCompile Include="log.cpp" />
    <ClCompile Include="Main.cpp" />
    <ClCompile Include="ModuleInput.cpp" />
    <ClCompile Include="ModuleRender.cpp" />
    <ClCompile Include="ModuleWindow.cpp" />
    <ClCompile Include="ModuleProgram.cpp" />
    <ClCompile Include="ModuleRenderExercise.cpp" />
    <ClCompile Include="ModuleEditor.cpp" />
    <ClCompile Include="Libraries\ImGui\imgui.cpp" />
    <ClCompile Include="Libraries\ImGui\imgui_demo.cpp" />
    <ClCompile Include="Libraries\ImGui\imgui_draw.cpp" />
    <ClCompile Include="Libraries\ImGui\imgui_impl_opengl3.cpp" />
    <ClCompile Include="Libraries\ImGui\imgui_impl_sdl.cpp" />
    <ClCompile Include="Libraries\ImGui\imgui_tables.cpp" />
    <ClCompile Include="Libraries\ImGui\imgui_widgets.cpp" />
  </ItemGroup>
  <ItemGroup>
    <ClInclude Include="Application.h" />
    <ClInclude Include="Dummy.h" />
    <ClInclude Include="Globals.h" />
    <ClInclude Include="Module.h" />
    <ClInclude Include="ModuleInput.h" />
    <ClInclude Include="ModuleRender.h" />
    <ClInclude Include="ModuleWindow.h" />
    <ClInclude Include="ModuleProgram.h" />
    <ClInclude Include="ModuleRenderExercise.h" />
    <ClInclude Include="ModuleEditor.h" />
    <ClInclude Include="Libraries\ImGui\imconfig.h" />
    <ClInclude Include="Libraries\ImGui\imgui.h" />
    <ClInclude Include="Libraries\ImGui\imgui_impl_opengl3.h" />
    <ClInclude Include="Libraries\ImGui\imgui_impl_opengl3_loader.h" />
    <ClInclude Include="Libraries\ImGui\imgui_impl_sdl.h" />
    <ClInclude Include="Libraries\ImGui\imgui_internal.h" />
    <ClInclude Include="Libraries\ImGui\imstb_rectpack.h" />
    <ClInclude Include="Libraries\ImGui\imstb_textedit.h" />
    <ClInclude Include="Libraries\ImGui\imstb_truetype.h" />
  </ItemGroup>
</Project>